
Microsoft Visual Studio Solution File, Format Version 12.00
# Visual Studio Version 17
VisualStudioVersion = 17.9.34728.123
MinimumVisualStudioVersion = 10.0.40219.1
Project("{FAE04EC0-301F-11D3-BF4B-00C04F79EFBC}") = "webApiVS", "webApiVS\webApiVS.csproj", "{A110DFF3-95EF-434A-8909-53DBE5D6B0C1}"
EndProject
Global
	GlobalSection(SolutionConfigurationPlatforms) = preSolution
		Debug|Any CPU = Debug|Any CPU
		Release|Any CPU = Release|Any CPU
	EndGlobalSection
	GlobalSection(ProjectConfigurationPlatforms) = postSolution
		{A110DFF3-95EF-434A-8909-53DBE5D6B0C1}.Debug|Any CPU.ActiveCfg = Debug|Any CPU
		{A110DFF3-95EF-434A-8909-53DBE5D6B0C1}.Debug|Any CPU.Build.0 = Debug|Any CPU
		{A110DFF3-95EF-434A-8909-53DBE5D6B0C1}.Release|Any CPU.ActiveCfg = Release|Any CPU
		{A110DFF3-95EF-434A-8909-53DBE5D6B0C1}.Release|Any CPU.Build.0 = Release|Any CPU
	EndGlobalSection
	GlobalSection(SolutionProperties) = preSolution
		HideSolutionNode = FALSE
	EndGlobalSection
	GlobalSection(ExtensibilityGlobals) = postSolution
		SolutionGuid = {4B587B85-FA32-4D42-9034-65FED649B4D7}
	EndGlobalSection
EndGlobal
